// !$*UTF8*$!
{
	archiveVersion = 1;
	classes = {
	};
	objectVersion = 50;
	objects = {

/* Begin PBXBuildFile section */
		56B25063278F864C00E43D10 /* AppDelegate.swift in Sources */ = {isa = PBXBuildFile; fileRef = 56B25062278F864C00E43D10 /* AppDelegate.swift */; };
		56B25067278F864C00E43D10 /* ViewController.swift in Sources */ = {isa = PBXBuildFile; fileRef = 56B25066278F864C00E43D10 /* ViewController.swift */; };
		56B2506C278F865900E43D10 /* Assets.xcassets in Resources */ = {isa = PBXBuildFile; fileRef = 56B2506B278F865900E43D10 /* Assets.xcassets */; };
		56B2506F278F865900E43D10 /* LaunchScreen.storyboard in Resources */ = {isa = PBXBuildFile; fileRef = 56B2506D278F865900E43D10 /* LaunchScreen.storyboard */; };
		56B2507C278F8B2100E43D10 /* UIView+Extension.swift in Sources */ = {isa = PBXBuildFile; fileRef = 56B2507B278F8B2100E43D10 /* UIView+Extension.swift */; };
		56B250962790780900E43D10 /* WordeTests.swift in Sources */ = {isa = PBXBuildFile; fileRef = 56B250952790780900E43D10 /* WordeTests.swift */; };
		56B250A02791A9C000E43D10 /* MyClass.swift in Sources */ = {isa = PBXBuildFile; fileRef = 56B2509F2791A9BF00E43D10 /* MyClass.swift */; };
		56B250A4279593B500E43D10 /* CoveredClass.swift in Sources */ = {isa = PBXBuildFile; fileRef = 56B250A3279593B400E43D10 /* CoveredClass.swift */; };
		56B250A82795940600E43D10 /* CoveredTests.swift in Sources */ = {isa = PBXBuildFile; fileRef = 56B250A72795940600E43D10 /* CoveredTests.swift */; };
/* End PBXBuildFile section */

/* Begin PBXContainerItemProxy section */
		56B250982790780900E43D10 /* PBXContainerItemProxy */ = {
			isa = PBXContainerItemProxy;
			containerPortal = 56B25057278F864B00E43D10 /* Project object */;
			proxyType = 1;
			remoteGlobalIDString = 56B2505E278F864C00E43D10;
			remoteInfo = Worde;
		};
/* End PBXContainerItemProxy section */

/* Begin PBXFileReference section */
		56B2505F278F864C00E43D10 /* Worde.app */ = {isa = PBXFileReference; explicitFileType = wrapper.application; includeInIndex = 0; path = Worde.app; sourceTree = BUILT_PRODUCTS_DIR; };
		56B25062278F864C00E43D10 /* AppDelegate.swift */ = {isa = PBXFileReference; lastKnownFileType = sourcecode.swift; path = AppDelegate.swift; sourceTree = "<group>"; };
		56B25066278F864C00E43D10 /* ViewController.swift */ = {isa = PBXFileReference; lastKnownFileType = sourcecode.swift; path = ViewController.swift; sourceTree = "<group>"; };
		56B2506B278F865900E43D10 /* Assets.xcassets */ = {isa = PBXFileReference; lastKnownFileType = folder.assetcatalog; path = Assets.xcassets; sourceTree = "<group>"; };
		56B2506E278F865900E43D10 /* Base */ = {isa = PBXFileReference; lastKnownFileType = file.storyboard; name = Base; path = Base.lproj/LaunchScreen.storyboard; sourceTree = "<group>"; };
		56B25070278F865900E43D10 /* Info.plist */ = {isa = PBXFileReference; lastKnownFileType = text.plist.xml; path = Info.plist; sourceTree = "<group>"; };
		56B2507B278F8B2100E43D10 /* UIView+Extension.swift */ = {isa = PBXFileReference; lastKnownFileType = sourcecode.swift; path = "UIView+Extension.swift"; sourceTree = "<group>"; };
		56B250932790780900E43D10 /* WordeTests.xctest */ = {isa = PBXFileReference; explicitFileType = wrapper.cfbundle; includeInIndex = 0; path = WordeTests.xctest; sourceTree = BUILT_PRODUCTS_DIR; };
		56B250952790780900E43D10 /* WordeTests.swift */ = {isa = PBXFileReference; lastKnownFileType = sourcecode.swift; path = WordeTests.swift; sourceTree = "<group>"; };
		56B250972790780900E43D10 /* Info.plist */ = {isa = PBXFileReference; lastKnownFileType = text.plist.xml; path = Info.plist; sourceTree = "<group>"; };
		56B2509F2791A9BF00E43D10 /* MyClass.swift */ = {isa = PBXFileReference; lastKnownFileType = sourcecode.swift; path = MyClass.swift; sourceTree = "<group>"; };
		56B250A3279593B400E43D10 /* CoveredClass.swift */ = {isa = PBXFileReference; lastKnownFileType = sourcecode.swift; path = CoveredClass.swift; sourceTree = "<group>"; };
		56B250A72795940600E43D10 /* CoveredTests.swift */ = {isa = PBXFileReference; lastKnownFileType = sourcecode.swift; path = CoveredTests.swift; sourceTree = "<group>"; };
/* End PBXFileReference section */

/* Begin PBXFrameworksBuildPhase section */
		56B2505C278F864C00E43D10 /* Frameworks */ = {
			isa = PBXFrameworksBuildPhase;
			buildActionMask = 2147483647;
			files = (
			);
			runOnlyForDeploymentPostprocessing = 0;
		};
		56B250902790780900E43D10 /* Frameworks */ = {
			isa = PBXFrameworksBuildPhase;
			buildActionMask = 2147483647;
			files = (
			);
			runOnlyForDeploymentPostprocessing = 0;
		};
/* End PBXFrameworksBuildPhase section */

/* Begin PBXGroup section */
		56B25056278F864B00E43D10 = {
			isa = PBXGroup;
			children = (
				56B25061278F864C00E43D10 /* Worde */,
				56B250942790780900E43D10 /* WordeTests */,
				56B25060278F864C00E43D10 /* Products */,
			);
			sourceTree = "<group>";
		};
		56B25060278F864C00E43D10 /* Products */ = {
			isa = PBXGroup;
			children = (
				56B2505F278F864C00E43D10 /* Worde.app */,
				56B250932790780900E43D10 /* WordeTests.xctest */,
			);
			name = Products;
			sourceTree = "<group>";
		};
		56B25061278F864C00E43D10 /* Worde */ = {
			isa = PBXGroup;
			children = (
				56B25062278F864C00E43D10 /* AppDelegate.swift */,
				56B25066278F864C00E43D10 /* ViewController.swift */,
				56B2506B278F865900E43D10 /* Assets.xcassets */,
				56B2506D278F865900E43D10 /* LaunchScreen.storyboard */,
				56B25070278F865900E43D10 /* Info.plist */,
				56B2507B278F8B2100E43D10 /* UIView+Extension.swift */,
				56B2509F2791A9BF00E43D10 /* MyClass.swift */,
				56B250A3279593B400E43D10 /* CoveredClass.swift */,
			);
			path = Worde;
			sourceTree = "<group>";
		};
		56B250942790780900E43D10 /* WordeTests */ = {
			isa = PBXGroup;
			children = (
				56B250952790780900E43D10 /* WordeTests.swift */,
				56B250972790780900E43D10 /* Info.plist */,
				56B250A72795940600E43D10 /* CoveredTests.swift */,
			);
			path = WordeTests;
			sourceTree = "<group>";
		};
/* End PBXGroup section */

/* Begin PBXNativeTarget section */
		56B2505E278F864C00E43D10 /* Worde */ = {
			isa = PBXNativeTarget;
			buildConfigurationList = 56B25073278F865900E43D10 /* Build configuration list for PBXNativeTarget "Worde" */;
			buildPhases = (
				56B2505B278F864C00E43D10 /* Sources */,
				56B2505C278F864C00E43D10 /* Frameworks */,
				56B2505D278F864C00E43D10 /* Resources */,
			);
			buildRules = (
			);
			dependencies = (
			);
			name = Worde;
			productName = Worde;
			productReference = 56B2505F278F864C00E43D10 /* Worde.app */;
			productType = "com.apple.product-type.application";
		};
		56B250922790780900E43D10 /* WordeTests */ = {
			isa = PBXNativeTarget;
			buildConfigurationList = 56B2509A2790780A00E43D10 /* Build configuration list for PBXNativeTarget "WordeTests" */;
			buildPhases = (
				56B2508F2790780900E43D10 /* Sources */,
				56B250902790780900E43D10 /* Frameworks */,
				56B250912790780900E43D10 /* Resources */,
			);
			buildRules = (
			);
			dependencies = (
				56B250992790780900E43D10 /* PBXTargetDependency */,
			);
			name = WordeTests;
			productName = WordeTests;
			productReference = 56B250932790780900E43D10 /* WordeTests.xctest */;
			productType = "com.apple.product-type.bundle.unit-test";
		};
/* End PBXNativeTarget section */

/* Begin PBXProject section */
		56B25057278F864B00E43D10 /* Project object */ = {
			isa = PBXProject;
			attributes = {
				LastSwiftUpdateCheck = 1240;
				LastUpgradeCheck = 1240;
				TargetAttributes = {
					56B2505E278F864C00E43D10 = {
						CreatedOnToolsVersion = 12.4;
					};
					56B250922790780900E43D10 = {
						CreatedOnToolsVersion = 12.4;
						TestTargetID = 56B2505E278F864C00E43D10;
					};
				};
			};
			buildConfigurationList = 56B2505A278F864B00E43D10 /* Build configuration list for PBXProject "Worde" */;
			compatibilityVersion = "Xcode 9.3";
			developmentRegion = en;
			hasScannedForEncodings = 0;
			knownRegions = (
				en,
				Base,
			);
			mainGroup = 56B25056278F864B00E43D10;
			productRefGroup = 56B25060278F864C00E43D10 /* Products */;
			projectDirPath = "";
			projectRoot = "";
			targets = (
				56B2505E278F864C00E43D10 /* Worde */,
				56B250922790780900E43D10 /* WordeTests */,
			);
		};
/* End PBXProject section */

/* Begin PBXResourcesBuildPhase section */
		56B2505D278F864C00E43D10 /* Resources */ = {
			isa = PBXResourcesBuildPhase;
			buildActionMask = 2147483647;
			files = (
				56B2506F278F865900E43D10 /* LaunchScreen.storyboard in Resources */,
				56B2506C278F865900E43D10 /* Assets.xcassets in Resources */,
			);
			runOnlyForDeploymentPostprocessing = 0;
		};
		56B250912790780900E43D10 /* Resources */ = {
			isa = PBXResourcesBuildPhase;
			buildActionMask = 2147483647;
			files = (
			);
			runOnlyForDeploymentPostprocessing = 0;
		};
/* End PBXResourcesBuildPhase section */

/* Begin PBXSourcesBuildPhase section */
		56B2505B278F864C00E43D10 /* Sources */ = {
			isa = PBXSourcesBuildPhase;
			buildActionMask = 2147483647;
			files = (
				56B250A02791A9C000E43D10 /* MyClass.swift in Sources */,
				56B2507C278F8B2100E43D10 /* UIView+Extension.swift in Sources */,
				56B25067278F864C00E43D10 /* ViewController.swift in Sources */,
				56B25063278F864C00E43D10 /* AppDelegate.swift in Sources */,
				56B250A4279593B500E43D10 /* CoveredClass.swift in Sources */,
			);
			runOnlyForDeploymentPostprocessing = 0;
		};
		56B2508F2790780900E43D10 /* Sources */ = {
			isa = PBXSourcesBuildPhase;
			buildActionMask = 2147483647;
			files = (
				56B250A82795940600E43D10 /* CoveredTests.swift in Sources */,
				56B250962790780900E43D10 /* WordeTests.swift in Sources */,
			);
			runOnlyForDeploymentPostprocessing = 0;
		};
/* End PBXSourcesBuildPhase section */

/* Begin PBXTargetDependency section */
		56B250992790780900E43D10 /* PBXTargetDependency */ = {
			isa = PBXTargetDependency;
			target = 56B2505E278F864C00E43D10 /* Worde */;
			targetProxy = 56B250982790780900E43D10 /* PBXContainerItemProxy */;
		};
/* End PBXTargetDependency section */

/* Begin PBXVariantGroup section */
		56B2506D278F865900E43D10 /* LaunchScreen.storyboard */ = {
			isa = PBXVariantGroup;
			children = (
				56B2506E278F865900E43D10 /* Base */,
			);
			name = LaunchScreen.storyboard;
			sourceTree = "<group>";
		};
/* End PBXVariantGroup section */

/* Begin XCBuildConfiguration section */
		56B25071278F865900E43D10 /* Debug */ = {
			isa = XCBuildConfiguration;
			buildSettings = {
				ALWAYS_SEARCH_USER_PATHS = NO;
				CLANG_ANALYZER_NONNULL = YES;
				CLANG_ANALYZER_NUMBER_OBJECT_CONVERSION = YES_AGGRESSIVE;
				CLANG_CXX_LANGUAGE_STANDARD = "gnu++14";
				CLANG_CXX_LIBRARY = "libc++";
				CLANG_ENABLE_MODULES = YES;
				CLANG_ENABLE_OBJC_ARC = YES;
				CLANG_ENABLE_OBJC_WEAK = YES;
				CLANG_WARN_BLOCK_CAPTURE_AUTORELEASING = YES;
				CLANG_WARN_BOOL_CONVERSION = YES;
				CLANG_WARN_COMMA = YES;
				CLANG_WARN_CONSTANT_CONVERSION = YES;
				CLANG_WARN_DEPRECATED_OBJC_IMPLEMENTATIONS = YES;
				CLANG_WARN_DIRECT_OBJC_ISA_USAGE = YES_ERROR;
				CLANG_WARN_DOCUMENTATION_COMMENTS = YES;
				CLANG_WARN_EMPTY_BODY = YES;
				CLANG_WARN_ENUM_CONVERSION = YES;
				CLANG_WARN_INFINITE_RECURSION = YES;
				CLANG_WARN_INT_CONVERSION = YES;
				CLANG_WARN_NON_LITERAL_NULL_CONVERSION = YES;
				CLANG_WARN_OBJC_IMPLICIT_RETAIN_SELF = YES;
				CLANG_WARN_OBJC_LITERAL_CONVERSION = YES;
				CLANG_WARN_OBJC_ROOT_CLASS = YES_ERROR;
				CLANG_WARN_QUOTED_INCLUDE_IN_FRAMEWORK_HEADER = YES;
				CLANG_WARN_RANGE_LOOP_ANALYSIS = YES;
				CLANG_WARN_STRICT_PROTOTYPES = YES;
				CLANG_WARN_SUSPICIOUS_MOVE = YES;
				CLANG_WARN_UNGUARDED_AVAILABILITY = YES_AGGRESSIVE;
				CLANG_WARN_UNREACHABLE_CODE = YES;
				CLANG_WARN__DUPLICATE_METHOD_MATCH = YES;
				COPY_PHASE_STRIP = NO;
				DEBUG_INFORMATION_FORMAT = dwarf;
				ENABLE_STRICT_OBJC_MSGSEND = YES;
				ENABLE_TESTABILITY = YES;
				GCC_C_LANGUAGE_STANDARD = gnu11;
				GCC_DYNAMIC_NO_PIC = NO;
				GCC_NO_COMMON_BLOCKS = YES;
				GCC_OPTIMIZATION_LEVEL = 0;
				GCC_PREPROCESSOR_DEFINITIONS = (
					"DEBUG=1",
					"$(inherited)",
				);
				GCC_WARN_64_TO_32_BIT_CONVERSION = YES;
				GCC_WARN_ABOUT_RETURN_TYPE = YES_ERROR;
				GCC_WARN_UNDECLARED_SELECTOR = YES;
				GCC_WARN_UNINITIALIZED_AUTOS = YES_AGGRESSIVE;
				GCC_WARN_UNUSED_FUNCTION = YES;
				GCC_WARN_UNUSED_VARIABLE = YES;
				IPHONEOS_DEPLOYMENT_TARGET = 14.4;
				MTL_ENABLE_DEBUG_INFO = INCLUDE_SOURCE;
				MTL_FAST_MATH = YES;
				ONLY_ACTIVE_ARCH = YES;
				SDKROOT = iphoneos;
				SWIFT_ACTIVE_COMPILATION_CONDITIONS = DEBUG;
				SWIFT_OPTIMIZATION_LEVEL = "-Onone";
			};
			name = Debug;
		};
		56B25072278F865900E43D10 /* Release */ = {
			isa = XCBuildConfiguration;
			buildSettings = {
				ALWAYS_SEARCH_USER_PATHS = NO;
				CLANG_ANALYZER_NONNULL = YES;
				CLANG_ANALYZER_NUMBER_OBJECT_CONVERSION = YES_AGGRESSIVE;
				CLANG_CXX_LANGUAGE_STANDARD = "gnu++14";
				CLANG_CXX_LIBRARY = "libc++";
				CLANG_ENABLE_MODULES = YES;
				CLANG_ENABLE_OBJC_ARC = YES;
				CLANG_ENABLE_OBJC_WEAK = YES;
				CLANG_WARN_BLOCK_CAPTURE_AUTORELEASING = YES;
				CLANG_WARN_BOOL_CONVERSION = YES;
				CLANG_WARN_COMMA = YES;
				CLANG_WARN_CONSTANT_CONVERSION = YES;
				CLANG_WARN_DEPRECATED_OBJC_IMPLEMENTATIONS = YES;
				CLANG_WARN_DIRECT_OBJC_ISA_USAGE = YES_ERROR;
				CLANG_WARN_DOCUMENTATION_COMMENTS = YES;
				CLANG_WARN_EMPTY_BODY = YES;
				CLANG_WARN_ENUM_CONVERSION = YES;
				CLANG_WARN_INFINITE_RECURSION = YES;
				CLANG_WARN_INT_CONVERSION = YES;
				CLANG_WARN_NON_LITERAL_NULL_CONVERSION = YES;
				CLANG_WARN_OBJC_IMPLICIT_RETAIN_SELF = YES;
				CLANG_WARN_OBJC_LITERAL_CONVERSION = YES;
				CLANG_WARN_OBJC_ROOT_CLASS = YES_ERROR;
				CLANG_WARN_QUOTED_INCLUDE_IN_FRAMEWORK_HEADER = YES;
				CLANG_WARN_RANGE_LOOP_ANALYSIS = YES;
				CLANG_WARN_STRICT_PROTOTYPES = YES;
				CLANG_WARN_SUSPICIOUS_MOVE = YES;
				CLANG_WARN_UNGUARDED_AVAILABILITY = YES_AGGRESSIVE;
				CLANG_WARN_UNREACHABLE_CODE = YES;
				CLANG_WARN__DUPLICATE_METHOD_MATCH = YES;
				COPY_PHASE_STRIP = NO;
				DEBUG_INFORMATION_FORMAT = "dwarf-with-dsym";
				ENABLE_NS_ASSERTIONS = NO;
				ENABLE_STRICT_OBJC_MSGSEND = YES;
				GCC_C_LANGUAGE_STANDARD = gnu11;
				GCC_NO_COMMON_BLOCKS = YES;
				GCC_WARN_64_TO_32_BIT_CONVERSION = YES;
				GCC_WARN_ABOUT_RETURN_TYPE = YES_ERROR;
				GCC_WARN_UNDECLARED_SELECTOR = YES;
				GCC_WARN_UNINITIALIZED_AUTOS = YES_AGGRESSIVE;
				GCC_WARN_UNUSED_FUNCTION = YES;
				GCC_WARN_UNUSED_VARIABLE = YES;
				IPHONEOS_DEPLOYMENT_TARGET = 14.4;
				MTL_ENABLE_DEBUG_INFO = NO;
				MTL_FAST_MATH = YES;
				SDKROOT = iphoneos;
				SWIFT_COMPILATION_MODE = wholemodule;
				SWIFT_OPTIMIZATION_LEVEL = "-O";
				VALIDATE_PRODUCT = YES;
			};
			name = Release;
		};
		56B25074278F865900E43D10 /* Debug */ = {
			isa = XCBuildConfiguration;
			buildSettings = {
				ASSETCATALOG_COMPILER_APPICON_NAME = AppIcon;
				ASSETCATALOG_COMPILER_GLOBAL_ACCENT_COLOR_NAME = AccentColor;
				CODE_SIGN_STYLE = Automatic;
				INFOPLIST_FILE = Worde/Info.plist;
				LD_RUNPATH_SEARCH_PATHS = (
					"$(inherited)",
					"@executable_path/Frameworks",
				);
				PRODUCT_BUNDLE_IDENTIFIER = yespeace.Worde;
				PRODUCT_NAME = "$(TARGET_NAME)";
				SWIFT_VERSION = 5.0;
				TARGETED_DEVICE_FAMILY = "1,2";
			};
			name = Debug;
		};
		56B25075278F865900E43D10 /* Release */ = {
			isa = XCBuildConfiguration;
			buildSettings = {
				ASSETCATALOG_COMPILER_APPICON_NAME = AppIcon;
				ASSETCATALOG_COMPILER_GLOBAL_ACCENT_COLOR_NAME = AccentColor;
				CODE_SIGN_STYLE = Automatic;
				INFOPLIST_FILE = Worde/Info.plist;
				LD_RUNPATH_SEARCH_PATHS = (
					"$(inherited)",
					"@executable_path/Frameworks",
				);
				PRODUCT_BUNDLE_IDENTIFIER = yespeace.Worde;
				PRODUCT_NAME = "$(TARGET_NAME)";
				SWIFT_VERSION = 5.0;
				TARGETED_DEVICE_FAMILY = "1,2";
			};
			name = Release;
		};
		56B2509B2790780A00E43D10 /* Debug */ = {
			isa = XCBuildConfiguration;
			buildSettings = {
				BUNDLE_LOADER = "$(TEST_HOST)";
				CODE_SIGN_STYLE = Automatic;
				INFOPLIST_FILE = WordeTests/Info.plist;
				LD_RUNPATH_SEARCH_PATHS = (
					"$(inherited)",
					"@executable_path/Frameworks",
					"@loader_path/Frameworks",
				);
				PRODUCT_BUNDLE_IDENTIFIER = yespeace.WordeTests;
				PRODUCT_NAME = "$(TARGET_NAME)";
				SWIFT_VERSION = 5.0;
				TARGETED_DEVICE_FAMILY = "1,2";
				TEST_HOST = "$(BUILT_PRODUCTS_DIR)/Worde.app/Worde";
			};
			name = Debug;
		};
		56B2509C2790780A00E43D10 /* Release */ = {
			isa = XCBuildConfiguration;
			buildSettings = {
				BUNDLE_LOADER = "$(TEST_HOST)";
				CODE_SIGN_STYLE = Automatic;
				INFOPLIST_FILE = WordeTests/Info.plist;
				LD_RUNPATH_SEARCH_PATHS = (
					"$(inherited)",
					"@executable_path/Frameworks",
					"@loader_path/Frameworks",
				);
				PRODUCT_BUNDLE_IDENTIFIER = yespeace.WordeTests;
				PRODUCT_NAME = "$(TARGET_NAME)";
				SWIFT_VERSION = 5.0;
				TARGETED_DEVICE_FAMILY = "1,2";
				TEST_HOST = "$(BUILT_PRODUCTS_DIR)/Worde.app/Worde";
			};
			name = Release;
		};
/* End XCBuildConfiguration section */

/* Begin XCConfigurationList section */
		56B2505A278F864B00E43D10 /* Build configuration list for PBXProject "Worde" */ = {
			isa = XCConfigurationList;
			buildConfigurations = (
				56B25071278F865900E43D10 /* Debug */,
				56B25072278F865900E43D10 /* Release */,
			);
			defaultConfigurationIsVisible = 0;
			defaultConfigurationName = Release;
		};
		56B25073278F865900E43D10 /* Build configuration list for PBXNativeTarget "Worde" */ = {
			isa = XCConfigurationList;
			buildConfigurations = (
				56B25074278F865900E43D10 /* Debug */,
				56B25075278F865900E43D10 /* Release */,
			);
			defaultConfigurationIsVisible = 0;
			defaultConfigurationName = Release;
		};
		56B2509A2790780A00E43D10 /* Build configuration list for PBXNativeTarget "WordeTests" */ = {
			isa = XCConfigurationList;
			buildConfigurations = (
				56B2509B2790780A00E43D10 /* Debug */,
				56B2509C2790780A00E43D10 /* Release */,
			);
			defaultConfigurationIsVisible = 0;
			defaultConfigurationName = Release;
		};
/* End XCConfigurationList section */
	};
	rootObject = 56B25057278F864B00E43D10 /* Project object */;
}
